
Microsoft Visual Studio Solution File, Format Version 12.00
# Visual Studio Version 16
VisualStudioVersion = 16.0.808.2
MinimumVisualStudioVersion = 10.0.40219.1
Project("{FAE04EC0-301F-11D3-BF4B-00C04F79EFBC}") = "ProjectEuler", "ProjectEuler\ProjectEuler.csproj", "{92DB076E-9631-403B-818A-557AE84513FE}"
EndProject
Global
	GlobalSection(SolutionConfigurationPlatforms) = preSolution
		Debug|Any CPU = Debug|Any CPU
		Release|Any CPU = Release|Any CPU
	EndGlobalSection
	GlobalSection(ProjectConfigurationPlatforms) = postSolution
		{92DB076E-9631-403B-818A-557AE84513FE}.Debug|Any CPU.ActiveCfg = Debug|Any CPU
		{92DB076E-9631-403B-818A-557AE84513FE}.Debug|Any CPU.Build.0 = Debug|Any CPU
		{92DB076E-9631-403B-818A-557AE84513FE}.Release|Any CPU.ActiveCfg = Release|Any CPU
		{92DB076E-9631-403B-818A-557AE84513FE}.Release|Any CPU.Build.0 = Release|Any CPU
	EndGlobalSection
	GlobalSection(SolutionProperties) = preSolution
		HideSolutionNode = FALSE
	EndGlobalSection
	GlobalSection(ExtensibilityGlobals) = postSolution
		SolutionGuid = {F9537C7C-A00D-4432-8574-A3FD9CE982D7}
	EndGlobalSection
EndGlobal
